
Microsoft Visual Studio Solution File, Format Version 12.00
# Visual Studio Version 17
VisualStudioVersion = 17.0.31903.59
MinimumVisualStudioVersion = 10.0.40219.1
Project("{FAE04EC0-301F-11D3-BF4B-00C04F79EFBC}") = "MomentKeep", "TravelMemories\MomentKeep.csproj", "{5F39EFDB-0597-4DD5-ABB6-DAA0ED84C0B3}"
EndProject
Project("{FAE04EC0-301F-11D3-BF4B-00C04F79EFBC}") = "TravelMemories.Core", "TravelMemories.Core\TravelMemories.Core.csproj", "{EDF9F054-44E2-42D6-A31B-3AC1C67EB3A2}"
EndProject
Project("{FAE04EC0-301F-11D3-BF4B-00C04F79EFBC}") = "TravelMemories.Data", "TravelMemories.Data\TravelMemories.Data.csproj", "{96104718-E5EE-4E7C-AFE0-FD2CC2E113BB}"
EndProject
Project("{FAE04EC0-301F-11D3-BF4B-00C04F79EFBC}") = "TravelMemories.Service", "TravelMemories.Service\TravelMemories.Service.csproj", "{3AAA0EC7-9B2E-49AF-9A3B-1E258F33E2E9}"
EndProject
Global
	GlobalSection(SolutionConfigurationPlatforms) = preSolution
		Debug|Any CPU = Debug|Any CPU
		Debug|x64 = Debug|x64
		Debug|x86 = Debug|x86
		Release|Any CPU = Release|Any CPU
		Release|x64 = Release|x64
		Release|x86 = Release|x86
	EndGlobalSection
	GlobalSection(ProjectConfigurationPlatforms) = postSolution
		{5F39EFDB-0597-4DD5-ABB6-DAA0ED84C0B3}.Debug|Any CPU.ActiveCfg = Debug|Any CPU
		{5F39EFDB-0597-4DD5-ABB6-DAA0ED84C0B3}.Debug|Any CPU.Build.0 = Debug|Any CPU
		{5F39EFDB-0597-4DD5-ABB6-DAA0ED84C0B3}.Debug|x64.ActiveCfg = Debug|Any CPU
		{5F39EFDB-0597-4DD5-ABB6-DAA0ED84C0B3}.Debug|x64.Build.0 = Debug|Any CPU
		{5F39EFDB-0597-4DD5-ABB6-DAA0ED84C0B3}.Debug|x86.ActiveCfg = Debug|Any CPU
		{5F39EFDB-0597-4DD5-ABB6-DAA0ED84C0B3}.Debug|x86.Build.0 = Debug|Any CPU
		{5F39EFDB-0597-4DD5-ABB6-DAA0ED84C0B3}.Release|Any CPU.ActiveCfg = Release|Any CPU
		{5F39EFDB-0597-4DD5-ABB6-DAA0ED84C0B3}.Release|Any CPU.Build.0 = Release|Any CPU
		{5F39EFDB-0597-4DD5-ABB6-DAA0ED84C0B3}.Release|x64.ActiveCfg = Release|Any CPU
		{5F39EFDB-0597-4DD5-ABB6-DAA0ED84C0B3}.Release|x64.Build.0 = Release|Any CPU
		{5F39EFDB-0597-4DD5-ABB6-DAA0ED84C0B3}.Release|x86.ActiveCfg = Release|Any CPU
		{5F39EFDB-0597-4DD5-ABB6-DAA0ED84C0B3}.Release|x86.Build.0 = Release|Any CPU
		{EDF9F054-44E2-42D6-A31B-3AC1C67EB3A2}.Debug|Any CPU.ActiveCfg = Debug|Any CPU
		{EDF9F054-44E2-42D6-A31B-3AC1C67EB3A2}.Debug|Any CPU.Build.0 = Debug|Any CPU
		{EDF9F054-44E2-42D6-A31B-3AC1C67EB3A2}.Debug|x64.ActiveCfg = Debug|Any CPU
		{EDF9F054-44E2-42D6-A31B-3AC1C67EB3A2}.Debug|x64.Build.0 = Debug|Any CPU
		{EDF9F054-44E2-42D6-A31B-3AC1C67EB3A2}.Debug|x86.ActiveCfg = Debug|Any CPU
		{EDF9F054-44E2-42D6-A31B-3AC1C67EB3A2}.Debug|x86.Build.0 = Debug|Any CPU
		{EDF9F054-44E2-42D6-A31B-3AC1C67EB3A2}.Release|Any CPU.ActiveCfg = Release|Any CPU
		{EDF9F054-44E2-42D6-A31B-3AC1C67EB3A2}.Release|Any CPU.Build.0 = Release|Any CPU
		{EDF9F054-44E2-42D6-A31B-3AC1C67EB3A2}.Release|x64.ActiveCfg = Release|Any CPU
		{EDF9F054-44E2-42D6-A31B-3AC1C67EB3A2}.Release|x64.Build.0 = Release|Any CPU
		{EDF9F054-44E2-42D6-A31B-3AC1C67EB3A2}.Release|x86.ActiveCfg = Release|Any CPU
		{EDF9F054-44E2-42D6-A31B-3AC1C67EB3A2}.Release|x86.Build.0 = Release|Any CPU
		{96104718-E5EE-4E7C-AFE0-FD2CC2E113BB}.Debug|Any CPU.ActiveCfg = Debug|Any CPU
		{96104718-E5EE-4E7C-AFE0-FD2CC2E113BB}.Debug|Any CPU.Build.0 = Debug|Any CPU
		{96104718-E5EE-4E7C-AFE0-FD2CC2E113BB}.Debug|x64.ActiveCfg = Debug|Any CPU
		{96104718-E5EE-4E7C-AFE0-FD2CC2E113BB}.Debug|x64.Build.0 = Debug|Any CPU
		{96104718-E5EE-4E7C-AFE0-FD2CC2E113BB}.Debug|x86.ActiveCfg = Debug|Any CPU
		{96104718-E5EE-4E7C-AFE0-FD2CC2E113BB}.Debug|x86.Build.0 = Debug|Any CPU
		{96104718-E5EE-4E7C-AFE0-FD2CC2E113BB}.Release|Any CPU.ActiveCfg = Release|Any CPU
		{96104718-E5EE-4E7C-AFE0-FD2CC2E113BB}.Release|Any CPU.Build.0 = Release|Any CPU
		{96104718-E5EE-4E7C-AFE0-FD2CC2E113BB}.Release|x64.ActiveCfg = Release|Any CPU
		{96104718-E5EE-4E7C-AFE0-FD2CC2E113BB}.Release|x64.Build.0 = Release|Any CPU
		{96104718-E5EE-4E7C-AFE0-FD2CC2E113BB}.Release|x86.ActiveCfg = Release|Any CPU
		{96104718-E5EE-4E7C-AFE0-FD2CC2E113BB}.Release|x86.Build.0 = Release|Any CPU
		{3AAA0EC7-9B2E-49AF-9A3B-1E258F33E2E9}.Debug|Any CPU.ActiveCfg = Debug|Any CPU
		{3AAA0EC7-9B2E-49AF-9A3B-1E258F33E2E9}.Debug|Any CPU.Build.0 = Debug|Any CPU
		{3AAA0EC7-9B2E-49AF-9A3B-1E258F33E2E9}.Debug|x64.ActiveCfg = Debug|Any CPU
		{3AAA0EC7-9B2E-49AF-9A3B-1E258F33E2E9}.Debug|x64.Build.0 = Debug|Any CPU
		{3AAA0EC7-9B2E-49AF-9A3B-1E258F33E2E9}.Debug|x86.ActiveCfg = Debug|Any CPU
		{3AAA0EC7-9B2E-49AF-9A3B-1E258F33E2E9}.Debug|x86.Build.0 = Debug|Any CPU
		{3AAA0EC7-9B2E-49AF-9A3B-1E258F33E2E9}.Release|Any CPU.ActiveCfg = Release|Any CPU
		{3AAA0EC7-9B2E-49AF-9A3B-1E258F33E2E9}.Release|Any CPU.Build.0 = Release|Any CPU
		{3AAA0EC7-9B2E-49AF-9A3B-1E258F33E2E9}.Release|x64.ActiveCfg = Release|Any CPU
		{3AAA0EC7-9B2E-49AF-9A3B-1E258F33E2E9}.Release|x64.Build.0 = Release|Any CPU
		{3AAA0EC7-9B2E-49AF-9A3B-1E258F33E2E9}.Release|x86.ActiveCfg = Release|Any CPU
		{3AAA0EC7-9B2E-49AF-9A3B-1E258F33E2E9}.Release|x86.Build.0 = Release|Any CPU
	EndGlobalSection
	GlobalSection(SolutionProperties) = preSolution
		HideSolutionNode = FALSE
	EndGlobalSection
	GlobalSection(ExtensibilityGlobals) = postSolution
		SolutionGuid = {660D763B-7A37-462D-BF85-56C83F5E63C8}
	EndGlobalSection
EndGlobal
